<?xml version="1.0" encoding="utf-8"?>
<Project ToolsVersion="4.0" xmlns="http://schemas.microsoft.com/developer/msbuild/2003">
  <ItemGroup>
    <Filter Include="Source Files">
      <UniqueIdentifier>{4FC737F1-C7A5-4376-A066-2A32D752A2FF}</UniqueIdentifier>
      <Extensions>cpp;c;cc;cxx;def;odl;idl;hpj;bat;asm;asmx</Extensions>
    </Filter>
    <Filter Include="Header Files">
      <UniqueIdentifier>{93995380-89BD-4b04-88EB-625FBE52EBFB}</UniqueIdentifier>
      <Extensions>h;hh;hpp;hxx;hm;inl;inc;xsd</Extensions>
    </Filter>
    <Filter Include="Resource Files">
      <UniqueIdentifier>{67DA6AB6-F800-4c08-8B7A-83BB121AAD01}</UniqueIdentifier>
      <Extensions>rc;ico;cur;bmp;dlg;rc2;rct;bin;rgs;gif;jpg;jpeg;jpe;resx;tiff;tif;png;wav;mfcribbon-ms</Extensions>
    </Filter>
    <Filter Include="Source Files\Editors">
      <UniqueIdentifier>{0e0a68c2-a099-4d5b-951e-f39fcc82c6e7}</UniqueIdentifier>
    </Filter>
    <Filter Include="Source Files\Editors\PhysBodyEditor">
      <UniqueIdentifier>{cd113f48-fece-4ee9-9580-90c6b2283fde}</UniqueIdentifier>
    </Filter>
  </ItemGroup>
  <ItemGroup>
    <ClInclude Include="Include\baluEngine.h">
      <Filter>Header Files</Filter>
    </ClInclude>
    <ClInclude Include="Source\scriptClasses.h">
      <Filter>Source Files</Filter>
    </ClInclude>
    <ClInclude Include="Source\baluEditor.h">
      <Filter>Source Files</Filter>
    </ClInclude>
    <ClInclude Include="Source\baluEditorDefs.h">
      <Filter>Source Files</Filter>
    </ClInclude>
    <ClInclude Include="Source\baluEditorRuntime.h">
      <Filter>Source Files</Filter>
    </ClInclude>
    <ClInclude Include="Source\Editors\sceneEditor.h">
      <Filter>Source Files\Editors</Filter>
    </ClInclude>
    <ClInclude Include="Source\Editors\physShapeEditor.h">
      <Filter>Source Files\Editors</Filter>
    </ClInclude>
    <ClInclude Include="Source\Editors\abstractEditor.h">
      <Filter>Source Files\Editors</Filter>
    </ClInclude>
    <ClInclude Include="Source\Editors\spriteEditor.h">
      <Filter>Source Files\Editors</Filter>
    </ClInclude>
    <ClInclude Include="Source\Editors\BoundaryEditor.h">
      <Filter>Source Files\Editors</Filter>
    </ClInclude>
    <ClInclude Include="Source\Editors\DrawingHelper.h">
      <Filter>Source Files\Editors</Filter>
    </ClInclude>
    <ClInclude Include="Source\Editors\editorResourses.h">
      <Filter>Source Files\Editors</Filter>
    </ClInclude>
    <ClInclude Include="Source\exportMacro.h">
      <Filter>Source Files</Filter>
    </ClInclude>
    <ClInclude Include="Source\baluEditorDefsSerializer.h">
      <Filter>Source Files</Filter>
    </ClInclude>
    <ClInclude Include="Source\Editors\PhysBodyEditor\physBodyEditor.h">
      <Filter>Source Files\Editors\PhysBodyEditor</Filter>
    </ClInclude>
    <ClInclude Include="Source\Editors\PhysBodyEditor\physBodyEditorAdornments.h">
      <Filter>Source Files\Editors\PhysBodyEditor</Filter>
    </ClInclude>
    <ClInclude Include="Source\Editors\PhysBodyEditor\physBodyEditorScene.h">
      <Filter>Source Files\Editors\PhysBodyEditor</Filter>
    </ClInclude>
    <ClInclude Include="Source\Editors\PhysBodyEditor\physBodyEditorTools.h">
      <Filter>Source Files\Editors\PhysBodyEditor</Filter>
    </ClInclude>
    <ClInclude Include="Source\Editors\EditorControls.h">
      <Filter>Source Files\Editors</Filter>
    </ClInclude>
  </ItemGroup>
  <ItemGroup>
    <ClCompile Include="Source\baluEngine.cpp">
      <Filter>Source Files</Filter>
    </ClCompile>
    <ClCompile Include="Source\baluEditorDefs.cpp">
      <Filter>Source Files</Filter>
    </ClCompile>
    <ClCompile Include="Source\baluEditorRuntime.cpp">
      <Filter>Source Files</Filter>
    </ClCompile>
    <ClCompile Include="Source\baluEditor.cpp">
      <Filter>Source Files</Filter>
    </ClCompile>
    <ClCompile Include="Source\Editors\spriteEditor.cpp">
      <Filter>Source Files\Editors</Filter>
    </ClCompile>
    <ClCompile Include="Source\Editors\BoundaryEditor.cpp">
      <Filter>Source Files\Editors</Filter>
    </ClCompile>
    <ClCompile Include="Source\Editors\DrawingHelper.cpp">
      <Filter>Source Files\Editors</Filter>
    </ClCompile>
    <ClCompile Include="Source\Editors\editorResourses .cpp">
      <Filter>Source Files\Editors</Filter>
    </ClCompile>
    <ClCompile Include="Source\baluEditorDefsSerializer.cpp">
      <Filter>Source Files</Filter>
    </ClCompile>
    <ClCompile Include="Source\Editors\PhysBodyEditor\physBodyEditor.cpp">
      <Filter>Source Files\Editors\PhysBodyEditor</Filter>
    </ClCompile>
    <ClCompile Include="Source\Editors\PhysBodyEditor\physBodyEditorTools.cpp">
      <Filter>Source Files\Editors\PhysBodyEditor</Filter>
    </ClCompile>
    <ClCompile Include="Source\Editors\EditorControls.cpp">
      <Filter>Source Files\Editors</Filter>
    </ClCompile>
  </ItemGroup>
</Project>