
Microsoft Visual Studio Solution File, Format Version 12.00
# Visual Studio 2013
VisualStudioVersion = 12.0.30723.0
MinimumVisualStudioVersion = 10.0.40219.1
Project("{8BC9CEB8-8B4A-11D0-8D11-00A0C91BC942}") = "BaluEngine", "BaluEngine.vcxproj", "{FF7F8607-DB68-49AD-91C8-DC817C303D85}"
	ProjectSection(ProjectDependencies) = postProject
		{98400D17-43A5-1A40-95BE-C53AC78E7694} = {98400D17-43A5-1A40-95BE-C53AC78E7694}
		{163F0EDD-FED4-4FF9-B34A-1A2626A7DFBA} = {163F0EDD-FED4-4FF9-B34A-1A2626A7DFBA}
		{304DB1F5-BE0B-481A-A517-B97EEB2EE68F} = {304DB1F5-BE0B-481A-A517-B97EEB2EE68F}
		{8F91B0F8-8BAA-4464-AD68-55FE67989C25} = {8F91B0F8-8BAA-4464-AD68-55FE67989C25}
	EndProjectSection
EndProject
Project("{8BC9CEB8-8B4A-11D0-8D11-00A0C91BC942}") = "Example", "Example\Example.vcxproj", "{EDFD30E5-6E25-47DB-8F5D-93CE8035ED9A}"
	ProjectSection(ProjectDependencies) = postProject
		{FF7F8607-DB68-49AD-91C8-DC817C303D85} = {FF7F8607-DB68-49AD-91C8-DC817C303D85}
		{98400D17-43A5-1A40-95BE-C53AC78E7694} = {98400D17-43A5-1A40-95BE-C53AC78E7694}
		{163F0EDD-FED4-4FF9-B34A-1A2626A7DFBA} = {163F0EDD-FED4-4FF9-B34A-1A2626A7DFBA}
		{304DB1F5-BE0B-481A-A517-B97EEB2EE68F} = {304DB1F5-BE0B-481A-A517-B97EEB2EE68F}
		{8F91B0F8-8BAA-4464-AD68-55FE67989C25} = {8F91B0F8-8BAA-4464-AD68-55FE67989C25}
	EndProjectSection
EndProject
Project("{8BC9CEB8-8B4A-11D0-8D11-00A0C91BC942}") = "BaluLib", "..\BaluLib\BaluLib.vcxproj", "{163F0EDD-FED4-4FF9-B34A-1A2626A7DFBA}"
EndProject
Project("{8BC9CEB8-8B4A-11D0-8D11-00A0C91BC942}") = "BaluRender", "..\BaluRender\BaluRender.vcxproj", "{304DB1F5-BE0B-481A-A517-B97EEB2EE68F}"
	ProjectSection(ProjectDependencies) = postProject
		{163F0EDD-FED4-4FF9-B34A-1A2626A7DFBA} = {163F0EDD-FED4-4FF9-B34A-1A2626A7DFBA}
	EndProjectSection
EndProject
Project("{8BC9CEB8-8B4A-11D0-8D11-00A0C91BC942}") = "BaluScript", "..\BaluScript\BaluScript.vcxproj", "{8F91B0F8-8BAA-4464-AD68-55FE67989C25}"
	ProjectSection(ProjectDependencies) = postProject
		{163F0EDD-FED4-4FF9-B34A-1A2626A7DFBA} = {163F0EDD-FED4-4FF9-B34A-1A2626A7DFBA}
	EndProjectSection
EndProject
Project("{8BC9CEB8-8B4A-11D0-8D11-00A0C91BC942}") = "Box2D", "..\box2d\Box2D\Build\vs2013\Box2D.vcxproj", "{98400D17-43A5-1A40-95BE-C53AC78E7694}"
EndProject
Project("{8BC9CEB8-8B4A-11D0-8D11-00A0C91BC942}") = "BaluEditorControl", "BaluEditorControl\BaluEditorControl.vcxproj", "{9A33EA55-6F14-4210-8AC5-892517C6CC4F}"
	ProjectSection(ProjectDependencies) = postProject
		{FF7F8607-DB68-49AD-91C8-DC817C303D85} = {FF7F8607-DB68-49AD-91C8-DC817C303D85}
		{163F0EDD-FED4-4FF9-B34A-1A2626A7DFBA} = {163F0EDD-FED4-4FF9-B34A-1A2626A7DFBA}
	EndProjectSection
EndProject
Project("{FAE04EC0-301F-11D3-BF4B-00C04F79EFBC}") = "BaluEditor", "BaluEditor\BaluEditor.csproj", "{1ACBF9CD-D8FA-4B4C-9827-F6823A4E3FD6}"
EndProject
Global
	GlobalSection(SolutionConfigurationPlatforms) = preSolution
		Debug|Any CPU = Debug|Any CPU
		Debug|Mixed Platforms = Debug|Mixed Platforms
		Debug|Win32 = Debug|Win32
		Debug|x64 = Debug|x64
		Release|Any CPU = Release|Any CPU
		Release|Mixed Platforms = Release|Mixed Platforms
		Release|Win32 = Release|Win32
		Release|x64 = Release|x64
	EndGlobalSection
	GlobalSection(ProjectConfigurationPlatforms) = postSolution
		{FF7F8607-DB68-49AD-91C8-DC817C303D85}.Debug|Any CPU.ActiveCfg = Debug|Win32
		{FF7F8607-DB68-49AD-91C8-DC817C303D85}.Debug|Mixed Platforms.ActiveCfg = Debug|Win32
		{FF7F8607-DB68-49AD-91C8-DC817C303D85}.Debug|Mixed Platforms.Build.0 = Debug|Win32
		{FF7F8607-DB68-49AD-91C8-DC817C303D85}.Debug|Win32.ActiveCfg = Debug|Win32
		{FF7F8607-DB68-49AD-91C8-DC817C303D85}.Debug|Win32.Build.0 = Debug|Win32
		{FF7F8607-DB68-49AD-91C8-DC817C303D85}.Debug|x64.ActiveCfg = Debug|Win32
		{FF7F8607-DB68-49AD-91C8-DC817C303D85}.Release|Any CPU.ActiveCfg = Release|Win32
		{FF7F8607-DB68-49AD-91C8-DC817C303D85}.Release|Mixed Platforms.ActiveCfg = Release|Win32
		{FF7F8607-DB68-49AD-91C8-DC817C303D85}.Release|Mixed Platforms.Build.0 = Release|Win32
		{FF7F8607-DB68-49AD-91C8-DC817C303D85}.Release|Win32.ActiveCfg = Release|Win32
		{FF7F8607-DB68-49AD-91C8-DC817C303D85}.Release|Win32.Build.0 = Release|Win32
		{FF7F8607-DB68-49AD-91C8-DC817C303D85}.Release|x64.ActiveCfg = Release|Win32
		{EDFD30E5-6E25-47DB-8F5D-93CE8035ED9A}.Debug|Any CPU.ActiveCfg = Debug|Win32
		{EDFD30E5-6E25-47DB-8F5D-93CE8035ED9A}.Debug|Mixed Platforms.ActiveCfg = Debug|Win32
		{EDFD30E5-6E25-47DB-8F5D-93CE8035ED9A}.Debug|Mixed Platforms.Build.0 = Debug|Win32
		{EDFD30E5-6E25-47DB-8F5D-93CE8035ED9A}.Debug|Win32.ActiveCfg = Debug|Win32
		{EDFD30E5-6E25-47DB-8F5D-93CE8035ED9A}.Debug|Win32.Build.0 = Debug|Win32
		{EDFD30E5-6E25-47DB-8F5D-93CE8035ED9A}.Debug|x64.ActiveCfg = Debug|Win32
		{EDFD30E5-6E25-47DB-8F5D-93CE8035ED9A}.Release|Any CPU.ActiveCfg = Release|Win32
		{EDFD30E5-6E25-47DB-8F5D-93CE8035ED9A}.Release|Mixed Platforms.ActiveCfg = Release|Win32
		{EDFD30E5-6E25-47DB-8F5D-93CE8035ED9A}.Release|Mixed Platforms.Build.0 = Release|Win32
		{EDFD30E5-6E25-47DB-8F5D-93CE8035ED9A}.Release|Win32.ActiveCfg = Release|Win32
		{EDFD30E5-6E25-47DB-8F5D-93CE8035ED9A}.Release|Win32.Build.0 = Release|Win32
		{EDFD30E5-6E25-47DB-8F5D-93CE8035ED9A}.Release|x64.ActiveCfg = Release|Win32
		{163F0EDD-FED4-4FF9-B34A-1A2626A7DFBA}.Debug|Any CPU.ActiveCfg = Debug|Win32
		{163F0EDD-FED4-4FF9-B34A-1A2626A7DFBA}.Debug|Mixed Platforms.ActiveCfg = Debug|Win32
		{163F0EDD-FED4-4FF9-B34A-1A2626A7DFBA}.Debug|Mixed Platforms.Build.0 = Debug|Win32
		{163F0EDD-FED4-4FF9-B34A-1A2626A7DFBA}.Debug|Win32.ActiveCfg = Debug|Win32
		{163F0EDD-FED4-4FF9-B34A-1A2626A7DFBA}.Debug|Win32.Build.0 = Debug|Win32
		{163F0EDD-FED4-4FF9-B34A-1A2626A7DFBA}.Debug|x64.ActiveCfg = Debug|Win32
		{163F0EDD-FED4-4FF9-B34A-1A2626A7DFBA}.Release|Any CPU.ActiveCfg = Release|Win32
		{163F0EDD-FED4-4FF9-B34A-1A2626A7DFBA}.Release|Mixed Platforms.ActiveCfg = Release|Win32
		{163F0EDD-FED4-4FF9-B34A-1A2626A7DFBA}.Release|Mixed Platforms.Build.0 = Release|Win32
		{163F0EDD-FED4-4FF9-B34A-1A2626A7DFBA}.Release|Win32.ActiveCfg = Release|Win32
		{163F0EDD-FED4-4FF9-B34A-1A2626A7DFBA}.Release|Win32.Build.0 = Release|Win32
		{163F0EDD-FED4-4FF9-B34A-1A2626A7DFBA}.Release|x64.ActiveCfg = Release|Win32
		{304DB1F5-BE0B-481A-A517-B97EEB2EE68F}.Debug|Any CPU.ActiveCfg = Debug|Win32
		{304DB1F5-BE0B-481A-A517-B97EEB2EE68F}.Debug|Mixed Platforms.ActiveCfg = Debug|Win32
		{304DB1F5-BE0B-481A-A517-B97EEB2EE68F}.Debug|Mixed Platforms.Build.0 = Debug|Win32
		{304DB1F5-BE0B-481A-A517-B97EEB2EE68F}.Debug|Win32.ActiveCfg = Debug|Win32
		{304DB1F5-BE0B-481A-A517-B97EEB2EE68F}.Debug|Win32.Build.0 = Debug|Win32
		{304DB1F5-BE0B-481A-A517-B97EEB2EE68F}.Debug|x64.ActiveCfg = Debug|Win32
		{304DB1F5-BE0B-481A-A517-B97EEB2EE68F}.Release|Any CPU.ActiveCfg = Release|Win32
		{304DB1F5-BE0B-481A-A517-B97EEB2EE68F}.Release|Mixed Platforms.ActiveCfg = Release|Win32
		{304DB1F5-BE0B-481A-A517-B97EEB2EE68F}.Release|Mixed Platforms.Build.0 = Release|Win32
		{304DB1F5-BE0B-481A-A517-B97EEB2EE68F}.Release|Win32.ActiveCfg = Release|Win32
		{304DB1F5-BE0B-481A-A517-B97EEB2EE68F}.Release|Win32.Build.0 = Release|Win32
		{304DB1F5-BE0B-481A-A517-B97EEB2EE68F}.Release|x64.ActiveCfg = Release|Win32
		{8F91B0F8-8BAA-4464-AD68-55FE67989C25}.Debug|Any CPU.ActiveCfg = Debug|Win32
		{8F91B0F8-8BAA-4464-AD68-55FE67989C25}.Debug|Mixed Platforms.ActiveCfg = Debug|Win32
		{8F91B0F8-8BAA-4464-AD68-55FE67989C25}.Debug|Mixed Platforms.Build.0 = Debug|Win32
		{8F91B0F8-8BAA-4464-AD68-55FE67989C25}.Debug|Win32.ActiveCfg = Debug|Win32
		{8F91B0F8-8BAA-4464-AD68-55FE67989C25}.Debug|Win32.Build.0 = Debug|Win32
		{8F91B0F8-8BAA-4464-AD68-55FE67989C25}.Debug|x64.ActiveCfg = Debug|Win32
		{8F91B0F8-8BAA-4464-AD68-55FE67989C25}.Release|Any CPU.ActiveCfg = Release|Win32
		{8F91B0F8-8BAA-4464-AD68-55FE67989C25}.Release|Mixed Platforms.ActiveCfg = Release|Win32
		{8F91B0F8-8BAA-4464-AD68-55FE67989C25}.Release|Mixed Platforms.Build.0 = Release|Win32
		{8F91B0F8-8BAA-4464-AD68-55FE67989C25}.Release|Win32.ActiveCfg = Release|Win32
		{8F91B0F8-8BAA-4464-AD68-55FE67989C25}.Release|Win32.Build.0 = Release|Win32
		{8F91B0F8-8BAA-4464-AD68-55FE67989C25}.Release|x64.ActiveCfg = Release|Win32
		{98400D17-43A5-1A40-95BE-C53AC78E7694}.Debug|Any CPU.ActiveCfg = Debug|Win32
		{98400D17-43A5-1A40-95BE-C53AC78E7694}.Debug|Mixed Platforms.ActiveCfg = Debug|Win32
		{98400D17-43A5-1A40-95BE-C53AC78E7694}.Debug|Mixed Platforms.Build.0 = Debug|Win32
		{98400D17-43A5-1A40-95BE-C53AC78E7694}.Debug|Win32.ActiveCfg = Debug|Win32
		{98400D17-43A5-1A40-95BE-C53AC78E7694}.Debug|Win32.Build.0 = Debug|Win32
		{98400D17-43A5-1A40-95BE-C53AC78E7694}.Debug|x64.ActiveCfg = Debug|x64
		{98400D17-43A5-1A40-95BE-C53AC78E7694}.Debug|x64.Build.0 = Debug|x64
		{98400D17-43A5-1A40-95BE-C53AC78E7694}.Release|Any CPU.ActiveCfg = Release|Win32
		{98400D17-43A5-1A40-95BE-C53AC78E7694}.Release|Mixed Platforms.ActiveCfg = Release|Win32
		{98400D17-43A5-1A40-95BE-C53AC78E7694}.Release|Mixed Platforms.Build.0 = Release|Win32
		{98400D17-43A5-1A40-95BE-C53AC78E7694}.Release|Win32.ActiveCfg = Release|Win32
		{98400D17-43A5-1A40-95BE-C53AC78E7694}.Release|Win32.Build.0 = Release|Win32
		{98400D17-43A5-1A40-95BE-C53AC78E7694}.Release|x64.ActiveCfg = Release|x64
		{98400D17-43A5-1A40-95BE-C53AC78E7694}.Release|x64.Build.0 = Release|x64
		{9A33EA55-6F14-4210-8AC5-892517C6CC4F}.Debug|Any CPU.ActiveCfg = Debug|Win32
		{9A33EA55-6F14-4210-8AC5-892517C6CC4F}.Debug|Mixed Platforms.ActiveCfg = Debug|Win32
		{9A33EA55-6F14-4210-8AC5-892517C6CC4F}.Debug|Mixed Platforms.Build.0 = Debug|Win32
		{9A33EA55-6F14-4210-8AC5-892517C6CC4F}.Debug|Win32.ActiveCfg = Debug|Win32
		{9A33EA55-6F14-4210-8AC5-892517C6CC4F}.Debug|Win32.Build.0 = Debug|Win32
		{9A33EA55-6F14-4210-8AC5-892517C6CC4F}.Debug|x64.ActiveCfg = Debug|Win32
		{9A33EA55-6F14-4210-8AC5-892517C6CC4F}.Release|Any CPU.ActiveCfg = Release|Win32
		{9A33EA55-6F14-4210-8AC5-892517C6CC4F}.Release|Mixed Platforms.ActiveCfg = Release|Win32
		{9A33EA55-6F14-4210-8AC5-892517C6CC4F}.Release|Mixed Platforms.Build.0 = Release|Win32
		{9A33EA55-6F14-4210-8AC5-892517C6CC4F}.Release|Win32.ActiveCfg = Release|Win32
		{9A33EA55-6F14-4210-8AC5-892517C6CC4F}.Release|Win32.Build.0 = Release|Win32
		{9A33EA55-6F14-4210-8AC5-892517C6CC4F}.Release|x64.ActiveCfg = Release|Win32
		{1ACBF9CD-D8FA-4B4C-9827-F6823A4E3FD6}.Debug|Any CPU.ActiveCfg = Debug|Any CPU
		{1ACBF9CD-D8FA-4B4C-9827-F6823A4E3FD6}.Debug|Any CPU.Build.0 = Debug|Any CPU
		{1ACBF9CD-D8FA-4B4C-9827-F6823A4E3FD6}.Debug|Mixed Platforms.ActiveCfg = Debug|x86
		{1ACBF9CD-D8FA-4B4C-9827-F6823A4E3FD6}.Debug|Mixed Platforms.Build.0 = Debug|x86
		{1ACBF9CD-D8FA-4B4C-9827-F6823A4E3FD6}.Debug|Win32.ActiveCfg = Debug|Any CPU
		{1ACBF9CD-D8FA-4B4C-9827-F6823A4E3FD6}.Debug|x64.ActiveCfg = Debug|Any CPU
		{1ACBF9CD-D8FA-4B4C-9827-F6823A4E3FD6}.Release|Any CPU.ActiveCfg = Release|Any CPU
		{1ACBF9CD-D8FA-4B4C-9827-F6823A4E3FD6}.Release|Any CPU.Build.0 = Release|Any CPU
		{1ACBF9CD-D8FA-4B4C-9827-F6823A4E3FD6}.Release|Mixed Platforms.ActiveCfg = Release|Any CPU
		{1ACBF9CD-D8FA-4B4C-9827-F6823A4E3FD6}.Release|Mixed Platforms.Build.0 = Release|Any CPU
		{1ACBF9CD-D8FA-4B4C-9827-F6823A4E3FD6}.Release|Win32.ActiveCfg = Release|Any CPU
		{1ACBF9CD-D8FA-4B4C-9827-F6823A4E3FD6}.Release|x64.ActiveCfg = Release|Any CPU
	EndGlobalSection
	GlobalSection(SolutionProperties) = preSolution
		HideSolutionNode = FALSE
	EndGlobalSection
EndGlobal
