<?xml version="1.0" encoding="utf-8"?>
<Project ToolsVersion="4.0" xmlns="http://schemas.microsoft.com/developer/msbuild/2003">
  <ItemGroup>
    <Filter Include="Header Files">
      <UniqueIdentifier>{93995380-89BD-4b04-88EB-625FBE52EBFB}</UniqueIdentifier>
      <Extensions>h;hh;hpp;hxx;hm;inl;inc;xsd</Extensions>
    </Filter>
  </ItemGroup>
  <ItemGroup>
    <ClInclude Include="BindingMacroGenerator\UnpackTemplates.h">
      <Filter>Header Files</Filter>
    </ClInclude>
    <ClInclude Include="Source\Interfaces\exportMacro.h">
      <Filter>Header Files</Filter>
    </ClInclude>
    <ClInclude Include="Source\WorldObjects\InterfacesIncludes.h">
      <Filter>Header Files</Filter>
    </ClInclude>
    <ClInclude Include="submodules\nanovg\src\fontstash.h">
      <Filter>Header Files</Filter>
    </ClInclude>
    <ClInclude Include="submodules\nanovg\src\nanovg.h">
      <Filter>Header Files</Filter>
    </ClInclude>
    <ClInclude Include="submodules\nanovg\src\nanovg_gl.h">
      <Filter>Header Files</Filter>
    </ClInclude>
    <ClInclude Include="submodules\nanovg\src\nanovg_gl_utils.h">
      <Filter>Header Files</Filter>
    </ClInclude>
    <ClInclude Include="submodules\nanovg\src\stb_image.h">
      <Filter>Header Files</Filter>
    </ClInclude>
    <ClInclude Include="submodules\nanovg\src\stb_truetype.h">
      <Filter>Header Files</Filter>
    </ClInclude>
    <ClInclude Include="Source\WorldDef\Internal\Class\Class.h">
      <Filter>Header Files</Filter>
    </ClInclude>
    <ClInclude Include="Source\WorldDef\Internal\Class\Skeleton.h">
      <Filter>Header Files</Filter>
    </ClInclude>
    <ClInclude Include="Source\WorldDef\Internal\Class\SkeletonAnimation.h">
      <Filter>Header Files</Filter>
    </ClInclude>
    <ClInclude Include="Source\WorldDef\IWorld.h">
      <Filter>Header Files</Filter>
    </ClInclude>
    <ClInclude Include="Source\WorldDef\ISpritePolygon.h">
      <Filter>Header Files</Filter>
    </ClInclude>
    <ClInclude Include="Source\WorldDef\Interface.h">
      <Filter>Header Files</Filter>
    </ClInclude>
    <ClInclude Include="Source\WorldDef\ISprite.h">
      <Filter>Header Files</Filter>
    </ClInclude>
    <ClInclude Include="Source\WorldDef\IPhysShape.h">
      <Filter>Header Files</Filter>
    </ClInclude>
    <ClInclude Include="Source\WorldDef\IAnimationFrames.h">
      <Filter>Header Files</Filter>
    </ClInclude>
    <ClInclude Include="Source\WorldDef\IEventsEditor.h">
      <Filter>Header Files</Filter>
    </ClInclude>
    <ClInclude Include="Source\WorldDef\IScene.h">
      <Filter>Header Files</Filter>
    </ClInclude>
    <ClInclude Include="Source\WorldDef\ILayers.h">
      <Filter>Header Files</Filter>
    </ClInclude>
    <ClInclude Include="Source\WorldDef\IMaterial.h">
      <Filter>Header Files</Filter>
    </ClInclude>
    <ClInclude Include="Source\WorldDef\ICommon.h">
      <Filter>Header Files</Filter>
    </ClInclude>
    <ClInclude Include="Source\WorldDef\IProperties.h">
      <Filter>Header Files</Filter>
    </ClInclude>
    <ClInclude Include="Source\WorldDef\IClass.h">
      <Filter>Header Files</Filter>
    </ClInclude>
    <ClInclude Include="Source\WorldDef\ISkeleton.h">
      <Filter>Header Files</Filter>
    </ClInclude>
    <ClInclude Include="Source\WorldDef\ISkeletonAnimation.h">
      <Filter>Header Files</Filter>
    </ClInclude>
    <ClInclude Include="Source\WorldDef\Internal\Common\Common.h">
      <Filter>Header Files</Filter>
    </ClInclude>
    <ClInclude Include="Source\WorldDef\Internal\Common\Properties.h">
      <Filter>Header Files</Filter>
    </ClInclude>
    <ClInclude Include="Source\WorldDef\Internal\Common\SerializeCommon.h">
      <Filter>Header Files</Filter>
    </ClInclude>
    <ClInclude Include="Source\WorldDef\Internal\Material\Material.h">
      <Filter>Header Files</Filter>
    </ClInclude>
    <ClInclude Include="Source\WorldDef\Internal\Scene\Layers.h">
      <Filter>Header Files</Filter>
    </ClInclude>
    <ClInclude Include="Source\WorldDef\Internal\Scene\Scene.h">
      <Filter>Header Files</Filter>
    </ClInclude>
    <ClInclude Include="Source\WorldDef\Internal\Scripts\EventsEditor.h">
      <Filter>Header Files</Filter>
    </ClInclude>
    <ClInclude Include="Source\WorldDef\Internal\Sprite\AnimationFrames.h">
      <Filter>Header Files</Filter>
    </ClInclude>
    <ClInclude Include="Source\WorldDef\Internal\Sprite\PhysShape.h">
      <Filter>Header Files</Filter>
    </ClInclude>
    <ClInclude Include="Source\WorldDef\Internal\Sprite\Sprite.h">
      <Filter>Header Files</Filter>
    </ClInclude>
    <ClInclude Include="Source\WorldDef\Internal\Sprite\SpritePolygon.h">
      <Filter>Header Files</Filter>
    </ClInclude>
    <ClInclude Include="Source\WorldDef\Internal\World\World.h">
      <Filter>Header Files</Filter>
    </ClInclude>
    <ClInclude Include="Source\WorldDef\Internal\World\WorldPrivate.h">
      <Filter>Header Files</Filter>
    </ClInclude>
    <ClInclude Include="Source\WorldDef\Internal\EditorGUI\BoxGui.h">
      <Filter>Header Files</Filter>
    </ClInclude>
    <ClInclude Include="Source\WorldDef\Internal\EditorGUI\OBBGui.h">
      <Filter>Header Files</Filter>
    </ClInclude>
    <ClInclude Include="Source\WorldDef\Internal\EditorGUI\PolygonGui.h">
      <Filter>Header Files</Filter>
    </ClInclude>
    <ClInclude Include="Source\WorldDef\Internal\EditorGUI\SpriteGui.h">
      <Filter>Header Files</Filter>
    </ClInclude>
    <ClInclude Include="Source\WorldInstance\ISceneInstance.h">
      <Filter>Header Files</Filter>
    </ClInclude>
    <ClInclude Include="Source\WorldInstance\Interface.h">
      <Filter>Header Files</Filter>
    </ClInclude>
    <ClInclude Include="Source\WorldInstance\IWorldInstance.h">
      <Filter>Header Files</Filter>
    </ClInclude>
    <ClInclude Include="Source\WorldInstance\Internal\World\WorldInstance.h">
      <Filter>Header Files</Filter>
    </ClInclude>
    <ClInclude Include="Source\WorldInstance\IComposer.h">
      <Filter>Header Files</Filter>
    </ClInclude>
    <ClInclude Include="Source\WorldInstance\IMaterialInstance.h">
      <Filter>Header Files</Filter>
    </ClInclude>
    <ClInclude Include="Source\Render\RenderCommand.h">
      <Filter>Header Files</Filter>
    </ClInclude>
    <ClInclude Include="Source\Render\Render.h">
      <Filter>Header Files</Filter>
    </ClInclude>
    <ClInclude Include="Source\Render\DrawingHelper.h">
      <Filter>Header Files</Filter>
    </ClInclude>
    <ClInclude Include="Source\WorldInstance\ISpritePolygonInstance.h">
      <Filter>Header Files</Filter>
    </ClInclude>
    <ClInclude Include="Source\WorldInstance\Internal\Scene\SceneInstance.h">
      <Filter>Header Files</Filter>
    </ClInclude>
    <ClInclude Include="Source\WorldInstance\IClassInstance.h">
      <Filter>Header Files</Filter>
    </ClInclude>
    <ClInclude Include="Source\WorldInstance\IPhysShapeInstance.h">
      <Filter>Header Files</Filter>
    </ClInclude>
    <ClInclude Include="Source\WorldInstance\ISkeletonAnimationInstance.h">
      <Filter>Header Files</Filter>
    </ClInclude>
    <ClInclude Include="Source\WorldInstance\ISkeletonInstance.h">
      <Filter>Header Files</Filter>
    </ClInclude>
    <ClInclude Include="Source\WorldInstance\ISpriteInstance.h">
      <Filter>Header Files</Filter>
    </ClInclude>
    <ClInclude Include="Source\WorldInstance\Internal\Composer\Composer.h">
      <Filter>Header Files</Filter>
    </ClInclude>
    <ClInclude Include="Source\Utils\nanovg_support.h">
      <Filter>Header Files</Filter>
    </ClInclude>
    <ClInclude Include="Source\Utils\polygon_decomp.h">
      <Filter>Header Files</Filter>
    </ClInclude>
    <ClInclude Include="Source\Utils\polygon_vertices.h">
      <Filter>Header Files</Filter>
    </ClInclude>
    <ClInclude Include="Source\Utils\texture_polygon.h">
      <Filter>Header Files</Filter>
    </ClInclude>
    <ClInclude Include="Source\Utils\DebugDraw.h">
      <Filter>Header Files</Filter>
    </ClInclude>
    <ClInclude Include="Source\Utils\ConvexDecomposition\b2Polygon.h">
      <Filter>Header Files</Filter>
    </ClInclude>
    <ClInclude Include="Source\Utils\ConvexDecomposition\b2Triangle.h">
      <Filter>Header Files</Filter>
    </ClInclude>
    <ClInclude Include="Source\WorldInstance\Internal\Class\SkeletonInstance.h">
      <Filter>Header Files</Filter>
    </ClInclude>
    <ClInclude Include="Source\WorldInstance\Internal\Class\SkeletonAnimationInstance.h">
      <Filter>Header Files</Filter>
    </ClInclude>
    <ClInclude Include="Source\WorldInstance\Internal\Class\ClassInstance.h">
      <Filter>Header Files</Filter>
    </ClInclude>
    <ClInclude Include="Source\WorldInstance\Internal\Sprite\SpriteInstance.h">
      <Filter>Header Files</Filter>
    </ClInclude>
    <ClInclude Include="Source\WorldInstance\Internal\Sprite\SpritePolygonInstance.h">
      <Filter>Header Files</Filter>
    </ClInclude>
    <ClInclude Include="Source\WorldInstance\Internal\Sprite\PhysShapeInstance.h">
      <Filter>Header Files</Filter>
    </ClInclude>
    <ClInclude Include="Source\Common\IResources.h">
      <Filter>Header Files</Filter>
    </ClInclude>
    <ClInclude Include="Source\WorldInstance\Internal\Material\MaterialInstance.h">
      <Filter>Header Files</Filter>
    </ClInclude>
    <ClInclude Include="Source\Common\IDirector.h">
      <Filter>Header Files</Filter>
    </ClInclude>
    <ClInclude Include="Source\Common\Director.h">
      <Filter>Header Files</Filter>
    </ClInclude>
    <ClInclude Include="Source\WorldDef\Internal\Common\RuntimeProperties.h">
      <Filter>Header Files</Filter>
    </ClInclude>
    <ClInclude Include="Source\WorldDef\IRuntimeProperties.h">
      <Filter>Header Files</Filter>
    </ClInclude>
    <ClInclude Include="Source\WorldInstance\IEventsEditorInstance.h">
      <Filter>Header Files</Filter>
    </ClInclude>
    <ClInclude Include="Source\WorldInstance\Internal\Scripts\ScriptClassesRegistry.h">
      <Filter>Header Files</Filter>
    </ClInclude>
    <ClInclude Include="Source\WorldInstance\Internal\Class\Binding.h">
      <Filter>Header Files</Filter>
    </ClInclude>
    <ClInclude Include="Source\WorldInstance\Internal\Scripts\IScriptInstance.h">
      <Filter>Header Files</Filter>
    </ClInclude>
    <ClInclude Include="Source\WorldDef\Internal\Class\ClassCommands.h">
      <Filter>Header Files</Filter>
    </ClInclude>
    <ClInclude Include="Source\WorldDef\Internal\Scene\SceneCommands.h">
      <Filter>Header Files</Filter>
    </ClInclude>
    <ClInclude Include="Source\WorldDef\Internal\World\WorldCommands.h">
      <Filter>Header Files</Filter>
    </ClInclude>
    <ClInclude Include="Source\WorldInstance\Internal\EditorGUI\BoxContour\BoxGuiInstance.h">
      <Filter>Header Files</Filter>
    </ClInclude>
  </ItemGroup>
  <ItemGroup>
    <ClCompile Include="submodules\poly2tri\poly2tri\common\shapes.cc" />
    <ClCompile Include="submodules\poly2tri\poly2tri\sweep\advancing_front.cc" />
    <ClCompile Include="submodules\poly2tri\poly2tri\sweep\cdt.cc" />
    <ClCompile Include="submodules\poly2tri\poly2tri\sweep\sweep.cc" />
    <ClCompile Include="submodules\poly2tri\poly2tri\sweep\sweep_context.cc" />
    <ClCompile Include="submodules\nanovg\src\nanovg.c" />
    <ClCompile Include="Source\WorldDef\Internal\Class\Class.cpp" />
    <ClCompile Include="Source\WorldDef\Internal\Sprite\SpriteSerialize.cpp" />
    <ClCompile Include="Source\WorldDef\Internal\World\World.cpp" />
    <ClCompile Include="Source\WorldDef\Internal\Class\ClassSerialize.cpp" />
    <ClCompile Include="Source\WorldDef\Internal\Common\SerializeCommon.cpp" />
    <ClCompile Include="Source\WorldDef\Internal\Sprite\Sprite.cpp" />
    <ClCompile Include="Source\WorldDef\Internal\Common\Properties.cpp" />
    <ClCompile Include="Source\WorldDef\Internal\Common\Common.cpp" />
    <ClCompile Include="Source\WorldDef\Internal\Scene\Layers.cpp" />
    <ClCompile Include="Source\WorldDef\Internal\Scene\Scene.cpp" />
    <ClCompile Include="Source\WorldDef\Internal\Class\Skeleton.cpp" />
    <ClCompile Include="Source\WorldDef\Internal\Class\SkeletonAnimation.cpp" />
    <ClCompile Include="Source\WorldDef\Internal\Material\Material.cpp" />
    <ClCompile Include="Source\WorldDef\Internal\Material\MaterialSerialize.cpp" />
    <ClCompile Include="Source\WorldDef\Internal\World\Serialize.cpp" />
    <ClCompile Include="Source\WorldDef\Internal\Scene\SceneSerialize.cpp" />
    <ClCompile Include="Source\WorldDef\Internal\Scripts\SerializeEventsEditor.cpp" />
    <ClCompile Include="Source\WorldDef\Internal\Scripts\EventsEditor.cpp" />
    <ClCompile Include="Source\WorldDef\Internal\Sprite\SpritePoly.cpp" />
    <ClCompile Include="Source\WorldDef\Internal\Sprite\PhysShape.cpp" />
    <ClCompile Include="Source\WorldDef\Internal\EditorGUI\PolygonGui.cpp" />
    <ClCompile Include="Source\WorldDef\Internal\EditorGUI\BoxGui.cpp" />
    <ClCompile Include="Source\WorldDef\Internal\EditorGUI\OBBGui.cpp" />
    <ClCompile Include="Source\WorldDef\Internal\EditorGUI\SpriteGui.cpp" />
    <ClCompile Include="Source\Render\Render.cpp" />
    <ClCompile Include="Source\Render\DrawingHelper.cpp" />
    <ClCompile Include="Source\WorldInstance\Internal\World\WorldInstance.cpp" />
    <ClCompile Include="Source\WorldInstance\Internal\Scene\SceneInstance.cpp" />
    <ClCompile Include="Source\WorldInstance\Internal\Composer\Composer.cpp" />
    <ClCompile Include="Source\Utils\nanovg_support.cpp" />
    <ClCompile Include="Source\Utils\polygon_decomp.cpp" />
    <ClCompile Include="Source\Utils\polygon_vertices.cpp" />
    <ClCompile Include="Source\Utils\texture_polygon.cpp" />
    <ClCompile Include="Source\Utils\ConvexDecomposition\b2Polygon.cpp" />
    <ClCompile Include="Source\Utils\ConvexDecomposition\b2Triangle.cpp" />
    <ClCompile Include="Source\Utils\DebugDraw.cpp" />
    <ClCompile Include="Source\WorldInstance\Internal\Class\SkeletonInstance.cpp" />
    <ClCompile Include="Source\WorldInstance\Internal\Class\ClassInstance.cpp" />
    <ClCompile Include="Source\WorldInstance\Internal\Class\SkeletonAnimationInstance.cpp" />
    <ClCompile Include="Source\Common\Resources.cpp" />
    <ClCompile Include="Source\WorldInstance\Internal\Material\MaterialInstance.cpp" />
    <ClCompile Include="Source\WorldInstance\Internal\Sprite\PhysShapeInstance.cpp" />
    <ClCompile Include="Source\WorldInstance\Internal\Sprite\SpriteInstance.cpp" />
    <ClCompile Include="Source\WorldInstance\Internal\Sprite\SpritePolyInstance.cpp" />
    <ClCompile Include="Source\Common\Director.cpp" />
    <ClCompile Include="Source\WorldDef\Internal\Common\RuntimeProperties.cpp" />
    <ClCompile Include="Source\WorldInstance\Internal\Scripts\ScriptClassesRegistry.cpp" />
    <ClCompile Include="Source\WorldInstance\Internal\Bindings.cpp" />
    <ClCompile Include="Source\WorldInstance\Internal\Scripts\ScriptInstance.cpp" />
    <ClCompile Include="Source\WorldDef\Internal\Class\ClassCommands.cpp" />
    <ClCompile Include="Source\WorldDef\Internal\Scene\SceneCommands.cpp" />
    <ClCompile Include="Source\WorldDef\Internal\World\WorldCommands.cpp" />
    <ClCompile Include="Source\WorldInstance\Internal\EditorGUI\BoxContour\BoxGuiInstance.cpp" />
  </ItemGroup>
  <ItemGroup>
    <None Include="packages.config" />
  </ItemGroup>
</Project>