
Microsoft Visual Studio Solution File, Format Version 12.00
# Visual Studio 15
VisualStudioVersion = 15.0.27130.2027
MinimumVisualStudioVersion = 10.0.40219.1
Project("{8BC9CEB8-8B4A-11D0-8D11-00A0C91BC942}") = "BaluEngine", "BaluEngine.vcxproj", "{FF7F8607-DB68-49AD-91C8-DC817C303D85}"
	ProjectSection(ProjectDependencies) = postProject
		{A434E80C-1049-10BE-D9CA-B31D459E0CEF} = {A434E80C-1049-10BE-D9CA-B31D459E0CEF}
		{07CF01C0-B887-499D-AD9C-799CB6A9FE64} = {07CF01C0-B887-499D-AD9C-799CB6A9FE64}
		{163F0EDD-FED4-4FF9-B34A-1A2626A7DFBA} = {163F0EDD-FED4-4FF9-B34A-1A2626A7DFBA}
		{304DB1F5-BE0B-481A-A517-B97EEB2EE68F} = {304DB1F5-BE0B-481A-A517-B97EEB2EE68F}
		{8F91B0F8-8BAA-4464-AD68-55FE67989C25} = {8F91B0F8-8BAA-4464-AD68-55FE67989C25}
	EndProjectSection
EndProject
Project("{8BC9CEB8-8B4A-11D0-8D11-00A0C91BC942}") = "Example", "Example\Example.vcxproj", "{EDFD30E5-6E25-47DB-8F5D-93CE8035ED9A}"
	ProjectSection(ProjectDependencies) = postProject
		{FF7F8607-DB68-49AD-91C8-DC817C303D85} = {FF7F8607-DB68-49AD-91C8-DC817C303D85}
		{163F0EDD-FED4-4FF9-B34A-1A2626A7DFBA} = {163F0EDD-FED4-4FF9-B34A-1A2626A7DFBA}
		{304DB1F5-BE0B-481A-A517-B97EEB2EE68F} = {304DB1F5-BE0B-481A-A517-B97EEB2EE68F}
		{8F91B0F8-8BAA-4464-AD68-55FE67989C25} = {8F91B0F8-8BAA-4464-AD68-55FE67989C25}
	EndProjectSection
EndProject
Project("{8BC9CEB8-8B4A-11D0-8D11-00A0C91BC942}") = "BaluEditorControl", "BaluEditorControl\BaluEditorControl.vcxproj", "{9A33EA55-6F14-4210-8AC5-892517C6CC4F}"
	ProjectSection(ProjectDependencies) = postProject
		{FF7F8607-DB68-49AD-91C8-DC817C303D85} = {FF7F8607-DB68-49AD-91C8-DC817C303D85}
		{163F0EDD-FED4-4FF9-B34A-1A2626A7DFBA} = {163F0EDD-FED4-4FF9-B34A-1A2626A7DFBA}
	EndProjectSection
EndProject
Project("{FAE04EC0-301F-11D3-BF4B-00C04F79EFBC}") = "BaluEditor", "BaluEditor\BaluEditor.csproj", "{1ACBF9CD-D8FA-4B4C-9827-F6823A4E3FD6}"
	ProjectSection(ProjectDependencies) = postProject
		{A4253357-A5F9-49D0-878B-3AC684D86C49} = {A4253357-A5F9-49D0-878B-3AC684D86C49}
	EndProjectSection
EndProject
Project("{8BC9CEB8-8B4A-11D0-8D11-00A0C91BC942}") = "launcher", "launcher\launcher.vcxproj", "{A4253357-A5F9-49D0-878B-3AC684D86C49}"
	ProjectSection(ProjectDependencies) = postProject
		{FF7F8607-DB68-49AD-91C8-DC817C303D85} = {FF7F8607-DB68-49AD-91C8-DC817C303D85}
	EndProjectSection
EndProject
Project("{8BC9CEB8-8B4A-11D0-8D11-00A0C91BC942}") = "BaluLib", "submodules\BaluRender\BaluLib\BaluLib.vcxproj", "{163F0EDD-FED4-4FF9-B34A-1A2626A7DFBA}"
EndProject
Project("{8BC9CEB8-8B4A-11D0-8D11-00A0C91BC942}") = "BaluRender", "submodules\BaluRender\BaluRender.vcxproj", "{304DB1F5-BE0B-481A-A517-B97EEB2EE68F}"
EndProject
Project("{8BC9CEB8-8B4A-11D0-8D11-00A0C91BC942}") = "BaluScript", "submodules\BaluScript\BaluScript.vcxproj", "{8F91B0F8-8BAA-4464-AD68-55FE67989C25}"
EndProject
Project("{8BC9CEB8-8B4A-11D0-8D11-00A0C91BC942}") = "pugixml_vs2017", "submodules\pugixml\scripts\pugixml_vs2017.vcxproj", "{07CF01C0-B887-499D-AD9C-799CB6A9FE64}"
EndProject
Project("{8BC9CEB8-8B4A-11D0-8D11-00A0C91BC942}") = "Box2D", "submodules\Box2D\Box2D\Build\vs2017\Box2D.vcxproj", "{A434E80C-1049-10BE-D9CA-B31D459E0CEF}"
EndProject
Project("{8BC9CEB8-8B4A-11D0-8D11-00A0C91BC942}") = "BindingGenerator", "BindingGenerator\BindingGenerator.vcxproj", "{9CC4975B-028D-4C86-B87C-FC19A2D553E7}"
EndProject
Global
	GlobalSection(SolutionConfigurationPlatforms) = preSolution
		Debug|Any CPU = Debug|Any CPU
		Debug|Win32 = Debug|Win32
		Release|Any CPU = Release|Any CPU
		Release|Win32 = Release|Win32
	EndGlobalSection
	GlobalSection(ProjectConfigurationPlatforms) = postSolution
		{FF7F8607-DB68-49AD-91C8-DC817C303D85}.Debug|Any CPU.ActiveCfg = Debug|Win32
		{FF7F8607-DB68-49AD-91C8-DC817C303D85}.Debug|Win32.ActiveCfg = Debug|Win32
		{FF7F8607-DB68-49AD-91C8-DC817C303D85}.Debug|Win32.Build.0 = Debug|Win32
		{FF7F8607-DB68-49AD-91C8-DC817C303D85}.Release|Any CPU.ActiveCfg = Release|Win32
		{FF7F8607-DB68-49AD-91C8-DC817C303D85}.Release|Win32.ActiveCfg = Release|Win32
		{FF7F8607-DB68-49AD-91C8-DC817C303D85}.Release|Win32.Build.0 = Release|Win32
		{EDFD30E5-6E25-47DB-8F5D-93CE8035ED9A}.Debug|Any CPU.ActiveCfg = Debug|Win32
		{EDFD30E5-6E25-47DB-8F5D-93CE8035ED9A}.Debug|Win32.ActiveCfg = Debug|Win32
		{EDFD30E5-6E25-47DB-8F5D-93CE8035ED9A}.Debug|Win32.Build.0 = Debug|Win32
		{EDFD30E5-6E25-47DB-8F5D-93CE8035ED9A}.Release|Any CPU.ActiveCfg = Release|Win32
		{EDFD30E5-6E25-47DB-8F5D-93CE8035ED9A}.Release|Win32.ActiveCfg = Release|Win32
		{EDFD30E5-6E25-47DB-8F5D-93CE8035ED9A}.Release|Win32.Build.0 = Release|Win32
		{9A33EA55-6F14-4210-8AC5-892517C6CC4F}.Debug|Any CPU.ActiveCfg = Debug|Win32
		{9A33EA55-6F14-4210-8AC5-892517C6CC4F}.Debug|Win32.ActiveCfg = Debug|Win32
		{9A33EA55-6F14-4210-8AC5-892517C6CC4F}.Debug|Win32.Build.0 = Debug|Win32
		{9A33EA55-6F14-4210-8AC5-892517C6CC4F}.Release|Any CPU.ActiveCfg = Release|Win32
		{9A33EA55-6F14-4210-8AC5-892517C6CC4F}.Release|Win32.ActiveCfg = Release|Win32
		{9A33EA55-6F14-4210-8AC5-892517C6CC4F}.Release|Win32.Build.0 = Release|Win32
		{1ACBF9CD-D8FA-4B4C-9827-F6823A4E3FD6}.Debug|Any CPU.ActiveCfg = Debug|Any CPU
		{1ACBF9CD-D8FA-4B4C-9827-F6823A4E3FD6}.Debug|Any CPU.Build.0 = Debug|Any CPU
		{1ACBF9CD-D8FA-4B4C-9827-F6823A4E3FD6}.Debug|Win32.ActiveCfg = Debug|x86
		{1ACBF9CD-D8FA-4B4C-9827-F6823A4E3FD6}.Debug|Win32.Build.0 = Debug|x86
		{1ACBF9CD-D8FA-4B4C-9827-F6823A4E3FD6}.Release|Any CPU.ActiveCfg = Release|Any CPU
		{1ACBF9CD-D8FA-4B4C-9827-F6823A4E3FD6}.Release|Any CPU.Build.0 = Release|Any CPU
		{1ACBF9CD-D8FA-4B4C-9827-F6823A4E3FD6}.Release|Win32.ActiveCfg = Release|Any CPU
		{1ACBF9CD-D8FA-4B4C-9827-F6823A4E3FD6}.Release|Win32.Build.0 = Release|Any CPU
		{A4253357-A5F9-49D0-878B-3AC684D86C49}.Debug|Any CPU.ActiveCfg = Debug|Win32
		{A4253357-A5F9-49D0-878B-3AC684D86C49}.Debug|Win32.ActiveCfg = Debug|Win32
		{A4253357-A5F9-49D0-878B-3AC684D86C49}.Debug|Win32.Build.0 = Debug|Win32
		{A4253357-A5F9-49D0-878B-3AC684D86C49}.Release|Any CPU.ActiveCfg = Release|Win32
		{A4253357-A5F9-49D0-878B-3AC684D86C49}.Release|Win32.ActiveCfg = Release|Win32
		{A4253357-A5F9-49D0-878B-3AC684D86C49}.Release|Win32.Build.0 = Release|Win32
		{163F0EDD-FED4-4FF9-B34A-1A2626A7DFBA}.Debug|Any CPU.ActiveCfg = Debug|Win32
		{163F0EDD-FED4-4FF9-B34A-1A2626A7DFBA}.Debug|Win32.ActiveCfg = Debug|Win32
		{163F0EDD-FED4-4FF9-B34A-1A2626A7DFBA}.Debug|Win32.Build.0 = Debug|Win32
		{163F0EDD-FED4-4FF9-B34A-1A2626A7DFBA}.Release|Any CPU.ActiveCfg = Release|Win32
		{163F0EDD-FED4-4FF9-B34A-1A2626A7DFBA}.Release|Win32.ActiveCfg = Release|Win32
		{163F0EDD-FED4-4FF9-B34A-1A2626A7DFBA}.Release|Win32.Build.0 = Release|Win32
		{304DB1F5-BE0B-481A-A517-B97EEB2EE68F}.Debug|Any CPU.ActiveCfg = Debug|Win32
		{304DB1F5-BE0B-481A-A517-B97EEB2EE68F}.Debug|Win32.ActiveCfg = Debug|Win32
		{304DB1F5-BE0B-481A-A517-B97EEB2EE68F}.Debug|Win32.Build.0 = Debug|Win32
		{304DB1F5-BE0B-481A-A517-B97EEB2EE68F}.Release|Any CPU.ActiveCfg = Release|Win32
		{304DB1F5-BE0B-481A-A517-B97EEB2EE68F}.Release|Win32.ActiveCfg = Release|Win32
		{304DB1F5-BE0B-481A-A517-B97EEB2EE68F}.Release|Win32.Build.0 = Release|Win32
		{8F91B0F8-8BAA-4464-AD68-55FE67989C25}.Debug|Any CPU.ActiveCfg = Debug|Win32
		{8F91B0F8-8BAA-4464-AD68-55FE67989C25}.Debug|Win32.ActiveCfg = Debug|Win32
		{8F91B0F8-8BAA-4464-AD68-55FE67989C25}.Debug|Win32.Build.0 = Debug|Win32
		{8F91B0F8-8BAA-4464-AD68-55FE67989C25}.Release|Any CPU.ActiveCfg = Release|Win32
		{8F91B0F8-8BAA-4464-AD68-55FE67989C25}.Release|Win32.ActiveCfg = Release|Win32
		{8F91B0F8-8BAA-4464-AD68-55FE67989C25}.Release|Win32.Build.0 = Release|Win32
		{07CF01C0-B887-499D-AD9C-799CB6A9FE64}.Debug|Any CPU.ActiveCfg = Debug|Win32
		{07CF01C0-B887-499D-AD9C-799CB6A9FE64}.Debug|Win32.ActiveCfg = Debug|Win32
		{07CF01C0-B887-499D-AD9C-799CB6A9FE64}.Debug|Win32.Build.0 = Debug|Win32
		{07CF01C0-B887-499D-AD9C-799CB6A9FE64}.Release|Any CPU.ActiveCfg = Release|Win32
		{07CF01C0-B887-499D-AD9C-799CB6A9FE64}.Release|Win32.ActiveCfg = Release|Win32
		{07CF01C0-B887-499D-AD9C-799CB6A9FE64}.Release|Win32.Build.0 = Release|Win32
		{A434E80C-1049-10BE-D9CA-B31D459E0CEF}.Debug|Any CPU.ActiveCfg = Debug|Win32
		{A434E80C-1049-10BE-D9CA-B31D459E0CEF}.Debug|Win32.ActiveCfg = Debug|Win32
		{A434E80C-1049-10BE-D9CA-B31D459E0CEF}.Debug|Win32.Build.0 = Debug|Win32
		{A434E80C-1049-10BE-D9CA-B31D459E0CEF}.Release|Any CPU.ActiveCfg = Release|Win32
		{A434E80C-1049-10BE-D9CA-B31D459E0CEF}.Release|Win32.ActiveCfg = Release|Win32
		{A434E80C-1049-10BE-D9CA-B31D459E0CEF}.Release|Win32.Build.0 = Release|Win32
		{9CC4975B-028D-4C86-B87C-FC19A2D553E7}.Debug|Any CPU.ActiveCfg = Debug|Win32
		{9CC4975B-028D-4C86-B87C-FC19A2D553E7}.Debug|Win32.ActiveCfg = Debug|Win32
		{9CC4975B-028D-4C86-B87C-FC19A2D553E7}.Debug|Win32.Build.0 = Debug|Win32
		{9CC4975B-028D-4C86-B87C-FC19A2D553E7}.Release|Any CPU.ActiveCfg = Release|Win32
		{9CC4975B-028D-4C86-B87C-FC19A2D553E7}.Release|Win32.ActiveCfg = Release|Win32
		{9CC4975B-028D-4C86-B87C-FC19A2D553E7}.Release|Win32.Build.0 = Release|Win32
	EndGlobalSection
	GlobalSection(SolutionProperties) = preSolution
		HideSolutionNode = FALSE
	EndGlobalSection
	GlobalSection(ExtensibilityGlobals) = postSolution
		SolutionGuid = {AC8E2A88-7E51-47D4-AF9E-B21FC2068031}
	EndGlobalSection
EndGlobal
